
Microsoft Visual Studio Solution File, Format Version 12.00
# Visual Studio Version 17
VisualStudioVersion = 17.2.32516.85
MinimumVisualStudioVersion = 10.0.40219.1
Project("{9A19103F-16F7-4668-BE54-9A1E7A4F7556}") = "EpiasReport", "EpiasReport\EpiasReport.csproj", "{926820AD-EEFD-49F4-8961-00861BF2ED75}"
EndProject
Project("{9A19103F-16F7-4668-BE54-9A1E7A4F7556}") = "EpiasReportLibrary", "EpiasReportLibrary\EpiasReportLibrary.csproj", "{76C30ED0-7F03-4C11-8768-7F13547CD859}"
EndProject
Project("{9A19103F-16F7-4668-BE54-9A1E7A4F7556}") = "EpiasReportHttp", "EpiasReportHttp\EpiasReportHttp.csproj", "{9A8E463D-0E90-4F29-82F6-072142F3AECB}"
EndProject
Global
	GlobalSection(SolutionConfigurationPlatforms) = preSolution
		Debug|Any CPU = Debug|Any CPU
		Release|Any CPU = Release|Any CPU
	EndGlobalSection
	GlobalSection(ProjectConfigurationPlatforms) = postSolution
		{926820AD-EEFD-49F4-8961-00861BF2ED75}.Debug|Any CPU.ActiveCfg = Debug|Any CPU
		{926820AD-EEFD-49F4-8961-00861BF2ED75}.Debug|Any CPU.Build.0 = Debug|Any CPU
		{926820AD-EEFD-49F4-8961-00861BF2ED75}.Release|Any CPU.ActiveCfg = Release|Any CPU
		{926820AD-EEFD-49F4-8961-00861BF2ED75}.Release|Any CPU.Build.0 = Release|Any CPU
		{76C30ED0-7F03-4C11-8768-7F13547CD859}.Debug|Any CPU.ActiveCfg = Debug|Any CPU
		{76C30ED0-7F03-4C11-8768-7F13547CD859}.Debug|Any CPU.Build.0 = Debug|Any CPU
		{76C30ED0-7F03-4C11-8768-7F13547CD859}.Release|Any CPU.ActiveCfg = Release|Any CPU
		{76C30ED0-7F03-4C11-8768-7F13547CD859}.Release|Any CPU.Build.0 = Release|Any CPU
		{9A8E463D-0E90-4F29-82F6-072142F3AECB}.Debug|Any CPU.ActiveCfg = Debug|Any CPU
		{9A8E463D-0E90-4F29-82F6-072142F3AECB}.Debug|Any CPU.Build.0 = Debug|Any CPU
		{9A8E463D-0E90-4F29-82F6-072142F3AECB}.Release|Any CPU.ActiveCfg = Release|Any CPU
		{9A8E463D-0E90-4F29-82F6-072142F3AECB}.Release|Any CPU.Build.0 = Release|Any CPU
	EndGlobalSection
	GlobalSection(SolutionProperties) = preSolution
		HideSolutionNode = FALSE
	EndGlobalSection
	GlobalSection(ExtensibilityGlobals) = postSolution
		SolutionGuid = {420C9411-A7DC-4174-9CB5-682EF778C6F4}
	EndGlobalSection
EndGlobal
