
Microsoft Visual Studio Solution File, Format Version 12.00
# Visual Studio Version 17
VisualStudioVersion = 17.2.32516.85
MinimumVisualStudioVersion = 10.0.40219.1
Project("{9A19103F-16F7-4668-BE54-9A1E7A4F7556}") = "SP.Reports.Models", "SP.Reports.Models\SP.Reports.Models.csproj", "{A24E0C18-6A25-4869-8759-5E62EDADAAA9}"
EndProject
Project("{9A19103F-16F7-4668-BE54-9A1E7A4F7556}") = "SP.Reports.Service", "SP.Reports.Service\SP.Reports.Service.csproj", "{70C4BB98-9222-4426-A1EF-07C7B0D112E0}"
EndProject
Project("{9A19103F-16F7-4668-BE54-9A1E7A4F7556}") = "SP.Authorization", "SP.Authorization\SP.Authorization.csproj", "{72FAFBC0-C61A-41E5-AE20-F6288F9ECDB5}"
EndProject
Project("{9A19103F-16F7-4668-BE54-9A1E7A4F7556}") = "SP.EpiasReports", "SP.EpiasReports\SP.EpiasReports.csproj", "{D5CB4518-BED9-4E75-AC76-3B71712A9D59}"
EndProject
Project("{9A19103F-16F7-4668-BE54-9A1E7A4F7556}") = "SP.Exceptions", "SP.Exceptions\SP.Exceptions.csproj", "{AA55E9F2-3835-448E-A131-5ED68C9E2683}"
EndProject
Project("{9A19103F-16F7-4668-BE54-9A1E7A4F7556}") = "SP.Middlewares", "SP.Middlewares\SP.Middlewares.csproj", "{23408FBF-859C-42D1-B8A7-2AFF191E251B}"
EndProject
Project("{9A19103F-16F7-4668-BE54-9A1E7A4F7556}") = "SP.Utils", "SP.Utils\SP.Utils.csproj", "{9D68CB14-C5F8-48F9-BC31-BDBB176A5915}"
EndProject
Project("{9A19103F-16F7-4668-BE54-9A1E7A4F7556}") = "SP.Roles.Service", "SP.Roles.Service\SP.Roles.Service.csproj", "{16113D74-5E8B-4807-8BD4-F53D8415C6D4}"
EndProject
Project("{9A19103F-16F7-4668-BE54-9A1E7A4F7556}") = "SP.Roles.Models", "SP.Roles.Models\SP.Roles.Models.csproj", "{E38F3B73-F586-471D-B3FC-5D171F212E27}"
EndProject
Project("{9A19103F-16F7-4668-BE54-9A1E7A4F7556}") = "SP.AppConfig.Service", "SP.AppConfig.Service\SP.AppConfig.Service.csproj", "{E74D962C-584A-4D7B-A553-DE2441781002}"
EndProject
Project("{9A19103F-16F7-4668-BE54-9A1E7A4F7556}") = "SP.Users.Models", "SP.Users.Models\SP.Users.Models.csproj", "{6AA54993-B938-40CA-B924-6631BFD610C4}"
EndProject
Project("{9A19103F-16F7-4668-BE54-9A1E7A4F7556}") = "SP.Users.Service", "SP.Users.Service\SP.Users.Service.csproj", "{68BF03FB-9FD1-4C72-863E-3F6790713A7F}"
EndProject
Project("{9A19103F-16F7-4668-BE54-9A1E7A4F7556}") = "SP.ExtraReports.Service", "SP.ExtraReports.Service\SP.ExtraReports.Service.csproj", "{C3F1F27D-A982-4D67-9517-15AAFBAEE852}"
EndProject
Project("{9A19103F-16F7-4668-BE54-9A1E7A4F7556}") = "SP.ExtraReports.Models", "SP.ExtraReports.Models\SP.ExtraReports.Models.csproj", "{78FE169C-8FB0-44C1-BB7D-A79A974494B4}"
EndProject
Project("{9A19103F-16F7-4668-BE54-9A1E7A4F7556}") = "SP.EpiasReports.Models", "SP.EpiasReports.Models\SP.EpiasReports.Models.csproj", "{F788ECCA-2834-4FA2-9248-63C2611FC792}"
EndProject
Project("{9A19103F-16F7-4668-BE54-9A1E7A4F7556}") = "SP.DAL", "SP.DAL\SP.DAL.csproj", "{C9E615D0-CDEF-4027-B2D0-549F6A0C8CA8}"
EndProject
Project("{9A19103F-16F7-4668-BE54-9A1E7A4F7556}") = "SP.Extensions", "SP.Extensions\SP.Extensions.csproj", "{58F21E3A-F37F-496C-B029-21EC05D3C33F}"
EndProject
Project("{9A19103F-16F7-4668-BE54-9A1E7A4F7556}") = "SP.Reports.Service.Tests", "SP.Reports.Service.Tests\SP.Reports.Service.Tests.csproj", "{5F1A92C2-0BC3-49F0-A30A-8E3471AB5DDD}"
EndProject
Project("{9A19103F-16F7-4668-BE54-9A1E7A4F7556}") = "SP.Users.Service.Tests", "SP.Users.Service.Tests\SP.Users.Service.Tests.csproj", "{6D31B5BA-A656-4485-918A-84D2C273715E}"
EndProject
Project("{9A19103F-16F7-4668-BE54-9A1E7A4F7556}") = "SP.Roles.Service.Tests", "SP.Roles.Service.Tests\SP.Roles.Service.Tests.csproj", "{7CC6508C-1AE3-4CB4-8DDF-B50571EE8FD5}"
EndProject
Project("{9A19103F-16F7-4668-BE54-9A1E7A4F7556}") = "SP.Utils.Tests", "SP.Utils.Tests\SP.Utils.Tests.csproj", "{ED01C704-06FD-4A04-960E-C281B4974E71}"
EndProject
Global
	GlobalSection(SolutionConfigurationPlatforms) = preSolution
		Debug|Any CPU = Debug|Any CPU
		Release|Any CPU = Release|Any CPU
	EndGlobalSection
	GlobalSection(ProjectConfigurationPlatforms) = postSolution
		{A24E0C18-6A25-4869-8759-5E62EDADAAA9}.Debug|Any CPU.ActiveCfg = Debug|Any CPU
		{A24E0C18-6A25-4869-8759-5E62EDADAAA9}.Debug|Any CPU.Build.0 = Debug|Any CPU
		{A24E0C18-6A25-4869-8759-5E62EDADAAA9}.Release|Any CPU.ActiveCfg = Release|Any CPU
		{A24E0C18-6A25-4869-8759-5E62EDADAAA9}.Release|Any CPU.Build.0 = Release|Any CPU
		{70C4BB98-9222-4426-A1EF-07C7B0D112E0}.Debug|Any CPU.ActiveCfg = Debug|Any CPU
		{70C4BB98-9222-4426-A1EF-07C7B0D112E0}.Debug|Any CPU.Build.0 = Debug|Any CPU
		{70C4BB98-9222-4426-A1EF-07C7B0D112E0}.Release|Any CPU.ActiveCfg = Release|Any CPU
		{70C4BB98-9222-4426-A1EF-07C7B0D112E0}.Release|Any CPU.Build.0 = Release|Any CPU
		{72FAFBC0-C61A-41E5-AE20-F6288F9ECDB5}.Debug|Any CPU.ActiveCfg = Debug|Any CPU
		{72FAFBC0-C61A-41E5-AE20-F6288F9ECDB5}.Debug|Any CPU.Build.0 = Debug|Any CPU
		{72FAFBC0-C61A-41E5-AE20-F6288F9ECDB5}.Release|Any CPU.ActiveCfg = Release|Any CPU
		{72FAFBC0-C61A-41E5-AE20-F6288F9ECDB5}.Release|Any CPU.Build.0 = Release|Any CPU
		{D5CB4518-BED9-4E75-AC76-3B71712A9D59}.Debug|Any CPU.ActiveCfg = Debug|Any CPU
		{D5CB4518-BED9-4E75-AC76-3B71712A9D59}.Debug|Any CPU.Build.0 = Debug|Any CPU
		{D5CB4518-BED9-4E75-AC76-3B71712A9D59}.Release|Any CPU.ActiveCfg = Release|Any CPU
		{D5CB4518-BED9-4E75-AC76-3B71712A9D59}.Release|Any CPU.Build.0 = Release|Any CPU
		{AA55E9F2-3835-448E-A131-5ED68C9E2683}.Debug|Any CPU.ActiveCfg = Debug|Any CPU
		{AA55E9F2-3835-448E-A131-5ED68C9E2683}.Debug|Any CPU.Build.0 = Debug|Any CPU
		{AA55E9F2-3835-448E-A131-5ED68C9E2683}.Release|Any CPU.ActiveCfg = Release|Any CPU
		{AA55E9F2-3835-448E-A131-5ED68C9E2683}.Release|Any CPU.Build.0 = Release|Any CPU
		{23408FBF-859C-42D1-B8A7-2AFF191E251B}.Debug|Any CPU.ActiveCfg = Debug|Any CPU
		{23408FBF-859C-42D1-B8A7-2AFF191E251B}.Debug|Any CPU.Build.0 = Debug|Any CPU
		{23408FBF-859C-42D1-B8A7-2AFF191E251B}.Release|Any CPU.ActiveCfg = Release|Any CPU
		{23408FBF-859C-42D1-B8A7-2AFF191E251B}.Release|Any CPU.Build.0 = Release|Any CPU
		{9D68CB14-C5F8-48F9-BC31-BDBB176A5915}.Debug|Any CPU.ActiveCfg = Debug|Any CPU
		{9D68CB14-C5F8-48F9-BC31-BDBB176A5915}.Debug|Any CPU.Build.0 = Debug|Any CPU
		{9D68CB14-C5F8-48F9-BC31-BDBB176A5915}.Release|Any CPU.ActiveCfg = Release|Any CPU
		{9D68CB14-C5F8-48F9-BC31-BDBB176A5915}.Release|Any CPU.Build.0 = Release|Any CPU
		{16113D74-5E8B-4807-8BD4-F53D8415C6D4}.Debug|Any CPU.ActiveCfg = Debug|Any CPU
		{16113D74-5E8B-4807-8BD4-F53D8415C6D4}.Debug|Any CPU.Build.0 = Debug|Any CPU
		{16113D74-5E8B-4807-8BD4-F53D8415C6D4}.Release|Any CPU.ActiveCfg = Release|Any CPU
		{16113D74-5E8B-4807-8BD4-F53D8415C6D4}.Release|Any CPU.Build.0 = Release|Any CPU
		{E38F3B73-F586-471D-B3FC-5D171F212E27}.Debug|Any CPU.ActiveCfg = Debug|Any CPU
		{E38F3B73-F586-471D-B3FC-5D171F212E27}.Debug|Any CPU.Build.0 = Debug|Any CPU
		{E38F3B73-F586-471D-B3FC-5D171F212E27}.Release|Any CPU.ActiveCfg = Release|Any CPU
		{E38F3B73-F586-471D-B3FC-5D171F212E27}.Release|Any CPU.Build.0 = Release|Any CPU
		{E74D962C-584A-4D7B-A553-DE2441781002}.Debug|Any CPU.ActiveCfg = Debug|Any CPU
		{E74D962C-584A-4D7B-A553-DE2441781002}.Debug|Any CPU.Build.0 = Debug|Any CPU
		{E74D962C-584A-4D7B-A553-DE2441781002}.Release|Any CPU.ActiveCfg = Release|Any CPU
		{E74D962C-584A-4D7B-A553-DE2441781002}.Release|Any CPU.Build.0 = Release|Any CPU
		{6AA54993-B938-40CA-B924-6631BFD610C4}.Debug|Any CPU.ActiveCfg = Debug|Any CPU
		{6AA54993-B938-40CA-B924-6631BFD610C4}.Debug|Any CPU.Build.0 = Debug|Any CPU
		{6AA54993-B938-40CA-B924-6631BFD610C4}.Release|Any CPU.ActiveCfg = Release|Any CPU
		{6AA54993-B938-40CA-B924-6631BFD610C4}.Release|Any CPU.Build.0 = Release|Any CPU
		{68BF03FB-9FD1-4C72-863E-3F6790713A7F}.Debug|Any CPU.ActiveCfg = Debug|Any CPU
		{68BF03FB-9FD1-4C72-863E-3F6790713A7F}.Debug|Any CPU.Build.0 = Debug|Any CPU
		{68BF03FB-9FD1-4C72-863E-3F6790713A7F}.Release|Any CPU.ActiveCfg = Release|Any CPU
		{68BF03FB-9FD1-4C72-863E-3F6790713A7F}.Release|Any CPU.Build.0 = Release|Any CPU
		{C3F1F27D-A982-4D67-9517-15AAFBAEE852}.Debug|Any CPU.ActiveCfg = Debug|Any CPU
		{C3F1F27D-A982-4D67-9517-15AAFBAEE852}.Debug|Any CPU.Build.0 = Debug|Any CPU
		{C3F1F27D-A982-4D67-9517-15AAFBAEE852}.Release|Any CPU.ActiveCfg = Release|Any CPU
		{C3F1F27D-A982-4D67-9517-15AAFBAEE852}.Release|Any CPU.Build.0 = Release|Any CPU
		{78FE169C-8FB0-44C1-BB7D-A79A974494B4}.Debug|Any CPU.ActiveCfg = Debug|Any CPU
		{78FE169C-8FB0-44C1-BB7D-A79A974494B4}.Debug|Any CPU.Build.0 = Debug|Any CPU
		{78FE169C-8FB0-44C1-BB7D-A79A974494B4}.Release|Any CPU.ActiveCfg = Release|Any CPU
		{78FE169C-8FB0-44C1-BB7D-A79A974494B4}.Release|Any CPU.Build.0 = Release|Any CPU
		{F788ECCA-2834-4FA2-9248-63C2611FC792}.Debug|Any CPU.ActiveCfg = Debug|Any CPU
		{F788ECCA-2834-4FA2-9248-63C2611FC792}.Debug|Any CPU.Build.0 = Debug|Any CPU
		{F788ECCA-2834-4FA2-9248-63C2611FC792}.Release|Any CPU.ActiveCfg = Release|Any CPU
		{F788ECCA-2834-4FA2-9248-63C2611FC792}.Release|Any CPU.Build.0 = Release|Any CPU
		{C9E615D0-CDEF-4027-B2D0-549F6A0C8CA8}.Debug|Any CPU.ActiveCfg = Debug|Any CPU
		{C9E615D0-CDEF-4027-B2D0-549F6A0C8CA8}.Debug|Any CPU.Build.0 = Debug|Any CPU
		{C9E615D0-CDEF-4027-B2D0-549F6A0C8CA8}.Release|Any CPU.ActiveCfg = Release|Any CPU
		{C9E615D0-CDEF-4027-B2D0-549F6A0C8CA8}.Release|Any CPU.Build.0 = Release|Any CPU
		{58F21E3A-F37F-496C-B029-21EC05D3C33F}.Debug|Any CPU.ActiveCfg = Debug|Any CPU
		{58F21E3A-F37F-496C-B029-21EC05D3C33F}.Debug|Any CPU.Build.0 = Debug|Any CPU
		{58F21E3A-F37F-496C-B029-21EC05D3C33F}.Release|Any CPU.ActiveCfg = Release|Any CPU
		{58F21E3A-F37F-496C-B029-21EC05D3C33F}.Release|Any CPU.Build.0 = Release|Any CPU
		{5F1A92C2-0BC3-49F0-A30A-8E3471AB5DDD}.Debug|Any CPU.ActiveCfg = Debug|Any CPU
		{5F1A92C2-0BC3-49F0-A30A-8E3471AB5DDD}.Debug|Any CPU.Build.0 = Debug|Any CPU
		{5F1A92C2-0BC3-49F0-A30A-8E3471AB5DDD}.Release|Any CPU.ActiveCfg = Release|Any CPU
		{5F1A92C2-0BC3-49F0-A30A-8E3471AB5DDD}.Release|Any CPU.Build.0 = Release|Any CPU
		{6D31B5BA-A656-4485-918A-84D2C273715E}.Debug|Any CPU.ActiveCfg = Debug|Any CPU
		{6D31B5BA-A656-4485-918A-84D2C273715E}.Debug|Any CPU.Build.0 = Debug|Any CPU
		{6D31B5BA-A656-4485-918A-84D2C273715E}.Release|Any CPU.ActiveCfg = Release|Any CPU
		{6D31B5BA-A656-4485-918A-84D2C273715E}.Release|Any CPU.Build.0 = Release|Any CPU
		{7CC6508C-1AE3-4CB4-8DDF-B50571EE8FD5}.Debug|Any CPU.ActiveCfg = Debug|Any CPU
		{7CC6508C-1AE3-4CB4-8DDF-B50571EE8FD5}.Debug|Any CPU.Build.0 = Debug|Any CPU
		{7CC6508C-1AE3-4CB4-8DDF-B50571EE8FD5}.Release|Any CPU.ActiveCfg = Release|Any CPU
		{7CC6508C-1AE3-4CB4-8DDF-B50571EE8FD5}.Release|Any CPU.Build.0 = Release|Any CPU
		{ED01C704-06FD-4A04-960E-C281B4974E71}.Debug|Any CPU.ActiveCfg = Debug|Any CPU
		{ED01C704-06FD-4A04-960E-C281B4974E71}.Debug|Any CPU.Build.0 = Debug|Any CPU
		{ED01C704-06FD-4A04-960E-C281B4974E71}.Release|Any CPU.ActiveCfg = Release|Any CPU
		{ED01C704-06FD-4A04-960E-C281B4974E71}.Release|Any CPU.Build.0 = Release|Any CPU
	EndGlobalSection
	GlobalSection(SolutionProperties) = preSolution
		HideSolutionNode = FALSE
	EndGlobalSection
	GlobalSection(ExtensibilityGlobals) = postSolution
		SolutionGuid = {420C9411-A7DC-4174-9CB5-682EF778C6F4}
	EndGlobalSection
EndGlobal
